
Microsoft Visual Studio Solution File, Format Version 12.00
# Visual Studio Version 16
VisualStudioVersion = 16.0.29509.3
MinimumVisualStudioVersion = 10.0.40219.1
Project("{9A19103F-16F7-4668-BE54-9A1E7A4F7556}") = "FoodCalc.Api", "FoodCalc.Api\FoodCalc.Api.csproj", "{7CB5C547-4052-4CA2-A7BA-26CBC0A8E5CD}"
EndProject
Project("{FAE04EC0-301F-11D3-BF4B-00C04F79EFBC}") = "FoodCalc.Domain", "FoodCalc.Domain\FoodCalc.Domain.csproj", "{E4C91EEF-EBF8-416F-98B8-CC87D5499917}"
EndProject
Project("{FAE04EC0-301F-11D3-BF4B-00C04F79EFBC}") = "FoodCalc.Data", "FoodCalc.Data\FoodCalc.Data.csproj", "{BE60407D-892C-4B87-AB2C-2FA07721ACE6}"
EndProject
Project("{FAE04EC0-301F-11D3-BF4B-00C04F79EFBC}") = "FoodCalc.Services", "FoodCalc.Services\FoodCalc.Services.csproj", "{834009C1-E031-47D7-A875-5FFE545869ED}"
EndProject
Project("{FAE04EC0-301F-11D3-BF4B-00C04F79EFBC}") = "FoodCalc.Common", "FoodCalc.Common\FoodCalc.Common.csproj", "{D843AF7E-CABC-4E09-98C0-20FD785270F2}"
EndProject
Global
	GlobalSection(SolutionConfigurationPlatforms) = preSolution
		Debug|Any CPU = Debug|Any CPU
		Release|Any CPU = Release|Any CPU
	EndGlobalSection
	GlobalSection(ProjectConfigurationPlatforms) = postSolution
		{7CB5C547-4052-4CA2-A7BA-26CBC0A8E5CD}.Debug|Any CPU.ActiveCfg = Debug|Any CPU
		{7CB5C547-4052-4CA2-A7BA-26CBC0A8E5CD}.Debug|Any CPU.Build.0 = Debug|Any CPU
		{7CB5C547-4052-4CA2-A7BA-26CBC0A8E5CD}.Release|Any CPU.ActiveCfg = Release|Any CPU
		{7CB5C547-4052-4CA2-A7BA-26CBC0A8E5CD}.Release|Any CPU.Build.0 = Release|Any CPU
		{E4C91EEF-EBF8-416F-98B8-CC87D5499917}.Debug|Any CPU.ActiveCfg = Debug|Any CPU
		{E4C91EEF-EBF8-416F-98B8-CC87D5499917}.Debug|Any CPU.Build.0 = Debug|Any CPU
		{E4C91EEF-EBF8-416F-98B8-CC87D5499917}.Release|Any CPU.ActiveCfg = Release|Any CPU
		{E4C91EEF-EBF8-416F-98B8-CC87D5499917}.Release|Any CPU.Build.0 = Release|Any CPU
		{BE60407D-892C-4B87-AB2C-2FA07721ACE6}.Debug|Any CPU.ActiveCfg = Debug|Any CPU
		{BE60407D-892C-4B87-AB2C-2FA07721ACE6}.Debug|Any CPU.Build.0 = Debug|Any CPU
		{BE60407D-892C-4B87-AB2C-2FA07721ACE6}.Release|Any CPU.ActiveCfg = Release|Any CPU
		{BE60407D-892C-4B87-AB2C-2FA07721ACE6}.Release|Any CPU.Build.0 = Release|Any CPU
		{834009C1-E031-47D7-A875-5FFE545869ED}.Debug|Any CPU.ActiveCfg = Debug|Any CPU
		{834009C1-E031-47D7-A875-5FFE545869ED}.Debug|Any CPU.Build.0 = Debug|Any CPU
		{834009C1-E031-47D7-A875-5FFE545869ED}.Release|Any CPU.ActiveCfg = Release|Any CPU
		{834009C1-E031-47D7-A875-5FFE545869ED}.Release|Any CPU.Build.0 = Release|Any CPU
		{D843AF7E-CABC-4E09-98C0-20FD785270F2}.Debug|Any CPU.ActiveCfg = Debug|Any CPU
		{D843AF7E-CABC-4E09-98C0-20FD785270F2}.Debug|Any CPU.Build.0 = Debug|Any CPU
		{D843AF7E-CABC-4E09-98C0-20FD785270F2}.Release|Any CPU.ActiveCfg = Release|Any CPU
		{D843AF7E-CABC-4E09-98C0-20FD785270F2}.Release|Any CPU.Build.0 = Release|Any CPU
	EndGlobalSection
	GlobalSection(SolutionProperties) = preSolution
		HideSolutionNode = FALSE
	EndGlobalSection
	GlobalSection(ExtensibilityGlobals) = postSolution
		SolutionGuid = {BC298A84-D43C-454E-B1A2-7195E8D61280}
	EndGlobalSection
EndGlobal
